
Microsoft Visual Studio Solution File, Format Version 12.00
# Visual Studio Version 16
VisualStudioVersion = 16.0.30114.105
MinimumVisualStudioVersion = 10.0.40219.1
Project("{F2A71F9B-5D33-465A-A702-920D77279786}") = "interpc", "interpc.fsproj", "{A2EF916E-AE90-4C24-974F-A196F542F204}"
EndProject
Project("{F2A71F9B-5D33-465A-A702-920D77279786}") = "microcc", "microcc.fsproj", "{4E32F14B-DBDB-41CC-BEFB-BFA8C5C010F1}"
EndProject
Global
	GlobalSection(SolutionConfigurationPlatforms) = preSolution
		Debug|Any CPU = Debug|Any CPU
		Release|Any CPU = Release|Any CPU
	EndGlobalSection
	GlobalSection(SolutionProperties) = preSolution
		HideSolutionNode = FALSE
	EndGlobalSection
	GlobalSection(ProjectConfigurationPlatforms) = postSolution
		{A2EF916E-AE90-4C24-974F-A196F542F204}.Debug|Any CPU.ActiveCfg = Debug|Any CPU
		{A2EF916E-AE90-4C24-974F-A196F542F204}.Debug|Any CPU.Build.0 = Debug|Any CPU
		{A2EF916E-AE90-4C24-974F-A196F542F204}.Release|Any CPU.ActiveCfg = Release|Any CPU
		{A2EF916E-AE90-4C24-974F-A196F542F204}.Release|Any CPU.Build.0 = Release|Any CPU
		{4E32F14B-DBDB-41CC-BEFB-BFA8C5C010F1}.Debug|Any CPU.ActiveCfg = Debug|Any CPU
		{4E32F14B-DBDB-41CC-BEFB-BFA8C5C010F1}.Debug|Any CPU.Build.0 = Debug|Any CPU
		{4E32F14B-DBDB-41CC-BEFB-BFA8C5C010F1}.Release|Any CPU.ActiveCfg = Release|Any CPU
		{4E32F14B-DBDB-41CC-BEFB-BFA8C5C010F1}.Release|Any CPU.Build.0 = Release|Any CPU
	EndGlobalSection
EndGlobal
